// !$*UTF8*$!
{
	archiveVersion = 1;
	classes = {
	};
	objectVersion = 46;
	objects = {

/* Begin PBXBuildFile section */
		893E82361A3C4AED0081C8F6 /* engine.s in Sources */ = {isa = PBXBuildFile; fileRef = 893E82351A3C4AED0081C8F6 /* engine.s */; };
		89BA5F061A3B3BB300F5B732 /* main.c in Sources */ = {isa = PBXBuildFile; fileRef = 89BA5F051A3B3BB300F5B732 /* main.c */; };
/* End PBXBuildFile section */

/* Begin PBXCopyFilesBuildPhase section */
		89BA5F001A3B3BB300F5B732 /* CopyFiles */ = {
			isa = PBXCopyFilesBuildPhase;
			buildActionMask = 2147483647;
			dstPath = /usr/share/man/man1/;
			dstSubfolderSpec = 0;
			files = (
			);
			runOnlyForDeploymentPostprocessing = 1;
		};
/* End PBXCopyFilesBuildPhase section */

/* Begin PBXFileReference section */
		893E82351A3C4AED0081C8F6 /* engine.s */ = {isa = PBXFileReference; fileEncoding = 4; lastKnownFileType = sourcecode.asm; path = engine.s; sourceTree = "<group>"; };
		89BA5F021A3B3BB300F5B732 /* avx2_bmi_popcnt */ = {isa = PBXFileReference; explicitFileType = "compiled.mach-o.executable"; includeInIndex = 0; path = avx2_bmi_popcnt; sourceTree = BUILT_PRODUCTS_DIR; };
		89BA5F051A3B3BB300F5B732 /* main.c */ = {isa = PBXFileReference; lastKnownFileType = sourcecode.c.c; path = main.c; sourceTree = "<group>"; };
/* End PBXFileReference section */

/* Begin PBXFrameworksBuildPhase section */
		89BA5EFF1A3B3BB300F5B732 /* Frameworks */ = {
			isa = PBXFrameworksBuildPhase;
			buildActionMask = 2147483647;
			files = (
			);
			runOnlyForDeploymentPostprocessing = 0;
		};
/* End PBXFrameworksBuildPhase section */

/* Begin PBXGroup section */
		89BA5EF91A3B3BB300F5B732 = {
			isa = PBXGroup;
			children = (
				89BA5F041A3B3BB300F5B732 /* avx2_bmi_popcnt */,
				89BA5F031A3B3BB300F5B732 /* Products */,
			);
			sourceTree = "<group>";
		};
		89BA5F031A3B3BB300F5B732 /* Products */ = {
			isa = PBXGroup;
			children = (
				89BA5F021A3B3BB300F5B732 /* avx2_bmi_popcnt */,
			);
			name = Products;
			sourceTree = "<group>";
		};
		89BA5F041A3B3BB300F5B732 /* avx2_bmi_popcnt */ = {
			isa = PBXGroup;
			children = (
				89BA5F051A3B3BB300F5B732 /* main.c */,
				893E82351A3C4AED0081C8F6 /* engine.s */,
			);
			path = avx2_bmi_popcnt;
			sourceTree = "<group>";
		};
/* End PBXGroup section */

/* Begin PBXNativeTarget section */
		89BA5F011A3B3BB300F5B732 /* avx2_bmi_popcnt */ = {
			isa = PBXNativeTarget;
			buildConfigurationList = 89BA5F091A3B3BB300F5B732 /* Build configuration list for PBXNativeTarget "avx2_bmi_popcnt" */;
			buildPhases = (
				89BA5EFE1A3B3BB300F5B732 /* Sources */,
				89BA5EFF1A3B3BB300F5B732 /* Frameworks */,
				89BA5F001A3B3BB300F5B732 /* CopyFiles */,
			);
			buildRules = (
			);
			dependencies = (
			);
			name = avx2_bmi_popcnt;
			productName = avx2_bmi_popcnt;
			productReference = 89BA5F021A3B3BB300F5B732 /* avx2_bmi_popcnt */;
			productType = "com.apple.product-type.tool";
		};
/* End PBXNativeTarget section */

/* Begin PBXProject section */
		89BA5EFA1A3B3BB300F5B732 /* Project object */ = {
			isa = PBXProject;
			attributes = {
				LastUpgradeCheck = 0720;
				ORGANIZATIONNAME = "Net Insight AB";
				TargetAttributes = {
					89BA5F011A3B3BB300F5B732 = {
						CreatedOnToolsVersion = 6.1.1;
					};
				};
			};
			buildConfigurationList = 89BA5EFD1A3B3BB300F5B732 /* Build configuration list for PBXProject "avx2_bmi_popcnt" */;
			compatibilityVersion = "Xcode 3.2";
			developmentRegion = English;
			hasScannedForEncodings = 0;
			knownRegions = (
				en,
			);
			mainGroup = 89BA5EF91A3B3BB300F5B732;
			productRefGroup = 89BA5F031A3B3BB300F5B732 /* Products */;
			projectDirPath = "";
			projectRoot = "";
			targets = (
				89BA5F011A3B3BB300F5B732 /* avx2_bmi_popcnt */,
			);
		};
/* End PBXProject section */

/* Begin PBXSourcesBuildPhase section */
		89BA5EFE1A3B3BB300F5B732 /* Sources */ = {
			isa = PBXSourcesBuildPhase;
			buildActionMask = 2147483647;
			files = (
				89BA5F061A3B3BB300F5B732 /* main.c in Sources */,
				893E82361A3C4AED0081C8F6 /* engine.s in Sources */,
			);
			runOnlyForDeploymentPostprocessing = 0;
		};
/* End PBXSourcesBuildPhase section */

/* Begin XCBuildConfiguration section */
		89BA5F071A3B3BB300F5B732 /* Debug */ = {
			isa = XCBuildConfiguration;
			buildSettings = {
				ALWAYS_SEARCH_USER_PATHS = NO;
				CLANG_CXX_LANGUAGE_STANDARD = "gnu++0x";
				CLANG_CXX_LIBRARY = "libc++";
				CLANG_ENABLE_MODULES = YES;
				CLANG_ENABLE_OBJC_ARC = YES;
				CLANG_WARN_BOOL_CONVERSION = YES;
				CLANG_WARN_CONSTANT_CONVERSION = YES;
				CLANG_WARN_DIRECT_OBJC_ISA_USAGE = YES_ERROR;
				CLANG_WARN_EMPTY_BODY = YES;
				CLANG_WARN_ENUM_CONVERSION = YES;
				CLANG_WARN_INT_CONVERSION = YES;
				CLANG_WARN_OBJC_ROOT_CLASS = YES_ERROR;
				CLANG_WARN_UNREACHABLE_CODE = YES;
				CLANG_WARN__DUPLICATE_METHOD_MATCH = YES;
				COPY_PHASE_STRIP = NO;
				ENABLE_STRICT_OBJC_MSGSEND = YES;
				ENABLE_TESTABILITY = YES;
				GCC_C_LANGUAGE_STANDARD = gnu99;
				GCC_DYNAMIC_NO_PIC = NO;
				GCC_OPTIMIZATION_LEVEL = 0;
				GCC_PREPROCESSOR_DEFINITIONS = (
					"DEBUG=1",
					"$(inherited)",
				);
				GCC_SYMBOLS_PRIVATE_EXTERN = NO;
				GCC_WARN_64_TO_32_BIT_CONVERSION = YES;
				GCC_WARN_ABOUT_RETURN_TYPE = YES_ERROR;
				GCC_WARN_UNDECLARED_SELECTOR = YES;
				GCC_WARN_UNINITIALIZED_AUTOS = YES_AGGRESSIVE;
				GCC_WARN_UNUSED_FUNCTION = YES;
				GCC_WARN_UNUSED_VARIABLE = YES;
				MACOSX_DEPLOYMENT_TARGET = 10.10;
				MTL_ENABLE_DEBUG_INFO = YES;
				ONLY_ACTIVE_ARCH = YES;
				SDKROOT = macosx;
			};
			name = Debug;
		};
		89BA5F081A3B3BB300F5B732 /* Release */ = {
			isa = XCBuildConfiguration;
			buildSettings = {
				ALWAYS_SEARCH_USER_PATHS = NO;
				CLANG_CXX_LANGUAGE_STANDARD = "gnu++0x";
				CLANG_CXX_LIBRARY = "libc++";
				CLANG_ENABLE_MODULES = YES;
				CLANG_ENABLE_OBJC_ARC = YES;
				CLANG_WARN_BOOL_CONVERSION = YES;
				CLANG_WARN_CONSTANT_CONVERSION = YES;
				CLANG_WARN_DIRECT_OBJC_ISA_USAGE = YES_ERROR;
				CLANG_WARN_EMPTY_BODY = YES;
				CLANG_WARN_ENUM_CONVERSION = YES;
				CLANG_WARN_INT_CONVERSION = YES;
				CLANG_WARN_OBJC_ROOT_CLASS = YES_ERROR;
				CLANG_WARN_UNREACHABLE_CODE = YES;
				CLANG_WARN__DUPLICATE_METHOD_MATCH = YES;
				COPY_PHASE_STRIP = YES;
				DEBUG_INFORMATION_FORMAT = "dwarf-with-dsym";
				ENABLE_NS_ASSERTIONS = NO;
				ENABLE_STRICT_OBJC_MSGSEND = YES;
				GCC_C_LANGUAGE_STANDARD = gnu99;
				GCC_WARN_64_TO_32_BIT_CONVERSION = YES;
				GCC_WARN_ABOUT_RETURN_TYPE = YES_ERROR;
				GCC_WARN_UNDECLARED_SELECTOR = YES;
				GCC_WARN_UNINITIALIZED_AUTOS = YES_AGGRESSIVE;
				GCC_WARN_UNUSED_FUNCTION = YES;
				GCC_WARN_UNUSED_VARIABLE = YES;
				MACOSX_DEPLOYMENT_TARGET = 10.10;
				MTL_ENABLE_DEBUG_INFO = NO;
				SDKROOT = macosx;
			};
			name = Release;
		};
		89BA5F0A1A3B3BB300F5B732 /* Debug */ = {
			isa = XCBuildConfiguration;
			buildSettings = {
				CLANG_X86_VECTOR_INSTRUCTIONS = avx2;
				GCC_C_LANGUAGE_STANDARD = gnu11;
				GCC_OPTIMIZATION_LEVEL = 3;
				OTHER_CFLAGS = (
					"-mavx",
					"-march=core-avx2",
					"-mpopcnt",
				);
				OTHER_LDFLAGS = "";
				PRODUCT_NAME = "$(TARGET_NAME)";
			};
			name = Debug;
		};
		89BA5F0B1A3B3BB300F5B732 /* Release */ = {
			isa = XCBuildConfiguration;
			buildSettings = {
				CLANG_X86_VECTOR_INSTRUCTIONS = avx2;
				GCC_C_LANGUAGE_STANDARD = gnu11;
				GCC_OPTIMIZATION_LEVEL = 3;
				OTHER_CFLAGS = (
					"-mavx",
					"-march=core-avx2",
					"-mpopcnt",
				);
				OTHER_LDFLAGS = "";
				PRODUCT_NAME = "$(TARGET_NAME)";
			};
			name = Release;
		};
/* End XCBuildConfiguration section */

/* Begin XCConfigurationList section */
		89BA5EFD1A3B3BB300F5B732 /* Build configuration list for PBXProject "avx2_bmi_popcnt" */ = {
			isa = XCConfigurationList;
			buildConfigurations = (
				89BA5F071A3B3BB300F5B732 /* Debug */,
				89BA5F081A3B3BB300F5B732 /* Release */,
			);
			defaultConfigurationIsVisible = 0;
			defaultConfigurationName = Release;
		};
		89BA5F091A3B3BB300F5B732 /* Build configuration list for PBXNativeTarget "avx2_bmi_popcnt" */ = {
			isa = XCConfigurationList;
			buildConfigurations = (
				89BA5F0A1A3B3BB300F5B732 /* Debug */,
				89BA5F0B1A3B3BB300F5B732 /* Release */,
			);
			defaultConfigurationIsVisible = 0;
			defaultConfigurationName = Release;
		};
/* End XCConfigurationList section */
	};
	rootObject = 89BA5EFA1A3B3BB300F5B732 /* Project object */;
}
